
Microsoft Visual Studio Solution File, Format Version 12.00
# Visual Studio Version 17
VisualStudioVersion = 17.8.34601.278
MinimumVisualStudioVersion = 10.0.40219.1
Project("{FAE04EC0-301F-11D3-BF4B-00C04F79EFBC}") = "CSharpAPI", "CSharpAPI.csproj", "{F9A1D0E5-B19C-46A6-8569-59384AF1FBB1}"
EndProject
Global
	GlobalSection(SolutionConfigurationPlatforms) = preSolution
		Debug|Any CPU = Debug|Any CPU
		Release|Any CPU = Release|Any CPU
	EndGlobalSection
	GlobalSection(ProjectConfigurationPlatforms) = postSolution
		{F9A1D0E5-B19C-46A6-8569-59384AF1FBB1}.Debug|Any CPU.ActiveCfg = Debug|Any CPU
		{F9A1D0E5-B19C-46A6-8569-59384AF1FBB1}.Debug|Any CPU.Build.0 = Debug|Any CPU
		{F9A1D0E5-B19C-46A6-8569-59384AF1FBB1}.Release|Any CPU.ActiveCfg = Release|Any CPU
		{F9A1D0E5-B19C-46A6-8569-59384AF1FBB1}.Release|Any CPU.Build.0 = Release|Any CPU
	EndGlobalSection
	GlobalSection(SolutionProperties) = preSolution
		HideSolutionNode = FALSE
	EndGlobalSection
	GlobalSection(ExtensibilityGlobals) = postSolution
		SolutionGuid = {790CD651-487E-4B7E-8E1C-58FCFBF68648}
	EndGlobalSection
EndGlobal
